
Microsoft Visual Studio Solution File, Format Version 12.00
# Visual Studio Version 16
VisualStudioVersion = 16.0.31205.134
MinimumVisualStudioVersion = 10.0.40219.1
Project("{FAE04EC0-301F-11D3-BF4B-00C04F79EFBC}") = "EFT-ESP", "EFT-ESP\EFT-ESP.csproj", "{9FC8213F-B599-4255-AB26-993E9ABCDBDF}"
EndProject
Global
	GlobalSection(SolutionConfigurationPlatforms) = preSolution
		Debug|Any CPU = Debug|Any CPU
		Release|Any CPU = Release|Any CPU
	EndGlobalSection
	GlobalSection(ProjectConfigurationPlatforms) = postSolution
		{9FC8213F-B599-4255-AB26-993E9ABCDBDF}.Debug|Any CPU.ActiveCfg = Debug|Any CPU
		{9FC8213F-B599-4255-AB26-993E9ABCDBDF}.Debug|Any CPU.Build.0 = Debug|Any CPU
		{9FC8213F-B599-4255-AB26-993E9ABCDBDF}.Release|Any CPU.ActiveCfg = Release|Any CPU
		{9FC8213F-B599-4255-AB26-993E9ABCDBDF}.Release|Any CPU.Build.0 = Release|Any CPU
	EndGlobalSection
	GlobalSection(SolutionProperties) = preSolution
		HideSolutionNode = FALSE
	EndGlobalSection
	GlobalSection(ExtensibilityGlobals) = postSolution
		SolutionGuid = {71090698-DD39-4D72-BE1A-3116507D93AD}
	EndGlobalSection
EndGlobal
